
Microsoft Visual Studio Solution File, Format Version 12.00
# Visual Studio Version 17
VisualStudioVersion = 17.13.35825.156 d17.13
MinimumVisualStudioVersion = 10.0.40219.1
Project("{FAE04EC0-301F-11D3-BF4B-00C04F79EFBC}") = "TicketManagementSystem", "TicketManagementSystem\TicketManagementSystem.csproj", "{D0D579F2-DC56-47AF-9BC8-B422B074B6CC}"
EndProject
Global
	GlobalSection(SolutionConfigurationPlatforms) = preSolution
		Debug|Any CPU = Debug|Any CPU
		Release|Any CPU = Release|Any CPU
	EndGlobalSection
	GlobalSection(ProjectConfigurationPlatforms) = postSolution
		{D0D579F2-DC56-47AF-9BC8-B422B074B6CC}.Debug|Any CPU.ActiveCfg = Debug|Any CPU
		{D0D579F2-DC56-47AF-9BC8-B422B074B6CC}.Debug|Any CPU.Build.0 = Debug|Any CPU
		{D0D579F2-DC56-47AF-9BC8-B422B074B6CC}.Release|Any CPU.ActiveCfg = Release|Any CPU
		{D0D579F2-DC56-47AF-9BC8-B422B074B6CC}.Release|Any CPU.Build.0 = Release|Any CPU
	EndGlobalSection
	GlobalSection(SolutionProperties) = preSolution
		HideSolutionNode = FALSE
	EndGlobalSection
	GlobalSection(ExtensibilityGlobals) = postSolution
		SolutionGuid = {9DB6DB65-5852-48EB-90A4-87B235A7536F}
	EndGlobalSection
EndGlobal
